
Microsoft Visual Studio Solution File, Format Version 12.00
# Visual Studio Version 17
VisualStudioVersion = 17.4.33110.190
MinimumVisualStudioVersion = 10.0.40219.1
Project("{9A19103F-16F7-4668-BE54-9A1E7A4F7556}") = "AoC", "AoC\AoC.csproj", "{A557E398-5583-43C9-A8AE-C6CA2B6CC9B9}"
EndProject
Project("{2150E333-8FDC-42A3-9474-1A3956D46DE8}") = "Solution items", "Solution items", "{32A0B3F0-F5B8-4C51-9ABF-96601A3BBC90}"
	ProjectSection(SolutionItems) = preProject
		.gitignore = .gitignore
		README.md = README.md
	EndProjectSection
EndProject
Project("{2150E333-8FDC-42A3-9474-1A3956D46DE8}") = "Template", "Template", "{46B2363B-644C-44B9-9214-03E9856E4BE9}"
	ProjectSection(SolutionItems) = preProject
		input-puzzle.txt = input-puzzle.txt
		input-setup.txt = input-setup.txt
		Puzzle.cs = Puzzle.cs
	EndProjectSection
EndProject
Project("{9A19103F-16F7-4668-BE54-9A1E7A4F7556}") = "AoC.Util", "AoC.Util\AoC.Util.csproj", "{6D88E4E9-46F5-49C3-B6E4-1FD271CD8F50}"
EndProject
Project("{9A19103F-16F7-4668-BE54-9A1E7A4F7556}") = "AoC.Year2019", "AoC.Year2019\AoC.Year2019.csproj", "{1C039FF1-8759-467C-A433-380AD6921A50}"
EndProject
Project("{9A19103F-16F7-4668-BE54-9A1E7A4F7556}") = "AoC.Year2022", "AoC.Year2022\AoC.Year2022.csproj", "{8DE5BF7B-AAFA-4357-B282-78811C262210}"
EndProject
Project("{FAE04EC0-301F-11D3-BF4B-00C04F79EFBC}") = "AoC.Year2023", "AoC.Year2023\AoC.Year2023.csproj", "{6DE046A1-5DC6-48BC-9A66-2DC0F0BE1D2C}"
EndProject
Project("{FAE04EC0-301F-11D3-BF4B-00C04F79EFBC}") = "AoC.Year2015", "AoC.Year2015\AoC.Year2015.csproj", "{413DBEC4-8286-4F20-9612-E56064474BA1}"
EndProject
Global
	GlobalSection(SolutionConfigurationPlatforms) = preSolution
		Debug|Any CPU = Debug|Any CPU
		Release|Any CPU = Release|Any CPU
	EndGlobalSection
	GlobalSection(ProjectConfigurationPlatforms) = postSolution
		{A557E398-5583-43C9-A8AE-C6CA2B6CC9B9}.Debug|Any CPU.ActiveCfg = Debug|Any CPU
		{A557E398-5583-43C9-A8AE-C6CA2B6CC9B9}.Debug|Any CPU.Build.0 = Debug|Any CPU
		{A557E398-5583-43C9-A8AE-C6CA2B6CC9B9}.Release|Any CPU.ActiveCfg = Release|Any CPU
		{A557E398-5583-43C9-A8AE-C6CA2B6CC9B9}.Release|Any CPU.Build.0 = Release|Any CPU
		{6D88E4E9-46F5-49C3-B6E4-1FD271CD8F50}.Debug|Any CPU.ActiveCfg = Debug|Any CPU
		{6D88E4E9-46F5-49C3-B6E4-1FD271CD8F50}.Debug|Any CPU.Build.0 = Debug|Any CPU
		{6D88E4E9-46F5-49C3-B6E4-1FD271CD8F50}.Release|Any CPU.ActiveCfg = Release|Any CPU
		{6D88E4E9-46F5-49C3-B6E4-1FD271CD8F50}.Release|Any CPU.Build.0 = Release|Any CPU
		{1C039FF1-8759-467C-A433-380AD6921A50}.Debug|Any CPU.ActiveCfg = Debug|Any CPU
		{1C039FF1-8759-467C-A433-380AD6921A50}.Debug|Any CPU.Build.0 = Debug|Any CPU
		{1C039FF1-8759-467C-A433-380AD6921A50}.Release|Any CPU.ActiveCfg = Release|Any CPU
		{1C039FF1-8759-467C-A433-380AD6921A50}.Release|Any CPU.Build.0 = Release|Any CPU
		{8DE5BF7B-AAFA-4357-B282-78811C262210}.Debug|Any CPU.ActiveCfg = Debug|Any CPU
		{8DE5BF7B-AAFA-4357-B282-78811C262210}.Debug|Any CPU.Build.0 = Debug|Any CPU
		{8DE5BF7B-AAFA-4357-B282-78811C262210}.Release|Any CPU.ActiveCfg = Release|Any CPU
		{8DE5BF7B-AAFA-4357-B282-78811C262210}.Release|Any CPU.Build.0 = Release|Any CPU
		{6DE046A1-5DC6-48BC-9A66-2DC0F0BE1D2C}.Debug|Any CPU.ActiveCfg = Debug|Any CPU
		{6DE046A1-5DC6-48BC-9A66-2DC0F0BE1D2C}.Debug|Any CPU.Build.0 = Debug|Any CPU
		{6DE046A1-5DC6-48BC-9A66-2DC0F0BE1D2C}.Release|Any CPU.ActiveCfg = Release|Any CPU
		{6DE046A1-5DC6-48BC-9A66-2DC0F0BE1D2C}.Release|Any CPU.Build.0 = Release|Any CPU
		{413DBEC4-8286-4F20-9612-E56064474BA1}.Debug|Any CPU.ActiveCfg = Debug|Any CPU
		{413DBEC4-8286-4F20-9612-E56064474BA1}.Debug|Any CPU.Build.0 = Debug|Any CPU
		{413DBEC4-8286-4F20-9612-E56064474BA1}.Release|Any CPU.ActiveCfg = Release|Any CPU
		{413DBEC4-8286-4F20-9612-E56064474BA1}.Release|Any CPU.Build.0 = Release|Any CPU
	EndGlobalSection
	GlobalSection(SolutionProperties) = preSolution
		HideSolutionNode = FALSE
	EndGlobalSection
	GlobalSection(NestedProjects) = preSolution
		{46B2363B-644C-44B9-9214-03E9856E4BE9} = {32A0B3F0-F5B8-4C51-9ABF-96601A3BBC90}
	EndGlobalSection
	GlobalSection(ExtensibilityGlobals) = postSolution
		SolutionGuid = {70BD73C8-3C51-43BA-BC61-B21F828F2F95}
	EndGlobalSection
EndGlobal
